// !$*UTF8*$!
{
	archiveVersion = 1;
	classes = {
	};
	objectVersion = 50;
	objects = {

/* Begin PBXBuildFile section */
		23B9D8608004BF32B30CBB50 /* Pods_normal_activity.framework in Frameworks */ = {isa = PBXBuildFile; fileRef = A4665A2484B93E5A2A0A4500 /* Pods_normal_activity.framework */; };
		301CCEC52520C88300DCCA4F /* nc190948.wav in Resources */ = {isa = PBXBuildFile; fileRef = 301CCEC32520C88300DCCA4F /* nc190948.wav */; };
		30405DAE2522543800785426 /* kamehameha.mp3 in Resources */ = {isa = PBXBuildFile; fileRef = 30405DAD2522543800785426 /* kamehameha.mp3 */; };
		30405DB32522BB4900785426 /* memo.mp3 in Resources */ = {isa = PBXBuildFile; fileRef = 30405DB22522BB4800785426 /* memo.mp3 */; };
		30405DB82522BBEE00785426 /* nature.mp3 in Resources */ = {isa = PBXBuildFile; fileRef = 30405DB72522BBEE00785426 /* nature.mp3 */; };
		30C9AC0C25203EDF00A1AAA6 /* normal_activity WatchKit App.app in Embed Watch Content */ = {isa = PBXBuildFile; fileRef = 30C9AC0B25203EDF00A1AAA6 /* normal_activity WatchKit App.app */; settings = {ATTRIBUTES = (RemoveHeadersOnCopy, ); }; };
		30C9AC1125203EE000A1AAA6 /* Assets.xcassets in Resources */ = {isa = PBXBuildFile; fileRef = 30C9AC1025203EE000A1AAA6 /* Assets.xcassets */; };
		30C9AC1825203EE000A1AAA6 /* normal_activity WatchKit Extension.appex in Embed App Extensions */ = {isa = PBXBuildFile; fileRef = 30C9AC1725203EE000A1AAA6 /* normal_activity WatchKit Extension.appex */; settings = {ATTRIBUTES = (RemoveHeadersOnCopy, ); }; };
		30C9AC1D25203EE000A1AAA6 /* normal_activityApp.swift in Sources */ = {isa = PBXBuildFile; fileRef = 30C9AC1C25203EE000A1AAA6 /* normal_activityApp.swift */; };
		30C9AC1F25203EE000A1AAA6 /* ContentView.swift in Sources */ = {isa = PBXBuildFile; fileRef = 30C9AC1E25203EE000A1AAA6 /* ContentView.swift */; };
		30C9AC2125203EE000A1AAA6 /* NotificationController.swift in Sources */ = {isa = PBXBuildFile; fileRef = 30C9AC2025203EE000A1AAA6 /* NotificationController.swift */; };
		30C9AC2325203EE000A1AAA6 /* NotificationView.swift in Sources */ = {isa = PBXBuildFile; fileRef = 30C9AC2225203EE000A1AAA6 /* NotificationView.swift */; };
		30C9AC2525203EE000A1AAA6 /* ComplicationController.swift in Sources */ = {isa = PBXBuildFile; fileRef = 30C9AC2425203EE000A1AAA6 /* ComplicationController.swift */; };
		30C9AC2725203EE100A1AAA6 /* Assets.xcassets in Resources */ = {isa = PBXBuildFile; fileRef = 30C9AC2625203EE100A1AAA6 /* Assets.xcassets */; };
		30C9AC2A25203EE100A1AAA6 /* Preview Assets.xcassets in Resources */ = {isa = PBXBuildFile; fileRef = 30C9AC2925203EE100A1AAA6 /* Preview Assets.xcassets */; };
		30C9AC4325203F5100A1AAA6 /* DeepViewModel.swift in Sources */ = {isa = PBXBuildFile; fileRef = 30C9AC4225203F5100A1AAA6 /* DeepViewModel.swift */; };
		51843CF011DE85E8533F71B8 /* Pods_normal_activity_WatchKit_App.framework in Frameworks */ = {isa = PBXBuildFile; fileRef = AD23EE45E95C633D6D968F8F /* Pods_normal_activity_WatchKit_App.framework */; };
		E750D3AE254EC82A00333BAB /* jphackclassifer 5.mlmodel in Sources */ = {isa = PBXBuildFile; fileRef = E750D3AD254EC82A00333BAB /* jphackclassifer 5.mlmodel */; };
		F2F212C130D74DA8DDE04767 /* Pods_normal_activity_WatchKit_Extension.framework in Frameworks */ = {isa = PBXBuildFile; fileRef = 8289859B38E3C15A83F46E7D /* Pods_normal_activity_WatchKit_Extension.framework */; };
/* End PBXBuildFile section */

/* Begin PBXContainerItemProxy section */
		30C9AC0D25203EDF00A1AAA6 /* PBXContainerItemProxy */ = {
			isa = PBXContainerItemProxy;
			containerPortal = 30C9AC0125203EDE00A1AAA6 /* Project object */;
			proxyType = 1;
			remoteGlobalIDString = 30C9AC0A25203EDF00A1AAA6;
			remoteInfo = "normal_activity WatchKit App";
		};
		30C9AC1925203EE000A1AAA6 /* PBXContainerItemProxy */ = {
			isa = PBXContainerItemProxy;
			containerPortal = 30C9AC0125203EDE00A1AAA6 /* Project object */;
			proxyType = 1;
			remoteGlobalIDString = 30C9AC1625203EE000A1AAA6;
			remoteInfo = "normal_activity WatchKit Extension";
		};
/* End PBXContainerItemProxy section */

/* Begin PBXCopyFilesBuildPhase section */
		30C9AC3225203EE200A1AAA6 /* Embed App Extensions */ = {
			isa = PBXCopyFilesBuildPhase;
			buildActionMask = 2147483647;
			dstPath = "";
			dstSubfolderSpec = 13;
			files = (
				30C9AC1825203EE000A1AAA6 /* normal_activity WatchKit Extension.appex in Embed App Extensions */,
			);
			name = "Embed App Extensions";
			runOnlyForDeploymentPostprocessing = 0;
		};
		30C9AC3625203EE200A1AAA6 /* Embed Watch Content */ = {
			isa = PBXCopyFilesBuildPhase;
			buildActionMask = 2147483647;
			dstPath = "$(CONTENTS_FOLDER_PATH)/Watch";
			dstSubfolderSpec = 16;
			files = (
				30C9AC0C25203EDF00A1AAA6 /* normal_activity WatchKit App.app in Embed Watch Content */,
			);
			name = "Embed Watch Content";
			runOnlyForDeploymentPostprocessing = 0;
		};
/* End PBXCopyFilesBuildPhase section */

/* Begin PBXFileReference section */
		14CD4726D8A45B8C9DA0404A /* Pods-normal_activity.debug.xcconfig */ = {isa = PBXFileReference; includeInIndex = 1; lastKnownFileType = text.xcconfig; name = "Pods-normal_activity.debug.xcconfig"; path = "Target Support Files/Pods-normal_activity/Pods-normal_activity.debug.xcconfig"; sourceTree = "<group>"; };
		2BBEF77F63767BB7F42B62EF /* Pods-normal_activity WatchKit App.release.xcconfig */ = {isa = PBXFileReference; includeInIndex = 1; lastKnownFileType = text.xcconfig; name = "Pods-normal_activity WatchKit App.release.xcconfig"; path = "Target Support Files/Pods-normal_activity WatchKit App/Pods-normal_activity WatchKit App.release.xcconfig"; sourceTree = "<group>"; };
		301CCEC32520C88300DCCA4F /* nc190948.wav */ = {isa = PBXFileReference; lastKnownFileType = audio.wav; path = nc190948.wav; sourceTree = "<group>"; };
		30405DAD2522543800785426 /* kamehameha.mp3 */ = {isa = PBXFileReference; lastKnownFileType = audio.mp3; path = kamehameha.mp3; sourceTree = "<group>"; };
		30405DB22522BB4800785426 /* memo.mp3 */ = {isa = PBXFileReference; lastKnownFileType = audio.mp3; path = memo.mp3; sourceTree = "<group>"; };
		30405DB72522BBEE00785426 /* nature.mp3 */ = {isa = PBXFileReference; lastKnownFileType = audio.mp3; path = nature.mp3; sourceTree = "<group>"; };
		30C9AC0725203EDE00A1AAA6 /* normal_activity.app */ = {isa = PBXFileReference; explicitFileType = wrapper.application; includeInIndex = 0; path = normal_activity.app; sourceTree = BUILT_PRODUCTS_DIR; };
		30C9AC0B25203EDF00A1AAA6 /* normal_activity WatchKit App.app */ = {isa = PBXFileReference; explicitFileType = wrapper.application; includeInIndex = 0; path = "normal_activity WatchKit App.app"; sourceTree = BUILT_PRODUCTS_DIR; };
		30C9AC1025203EE000A1AAA6 /* Assets.xcassets */ = {isa = PBXFileReference; lastKnownFileType = folder.assetcatalog; path = Assets.xcassets; sourceTree = "<group>"; };
		30C9AC1225203EE000A1AAA6 /* Info.plist */ = {isa = PBXFileReference; lastKnownFileType = text.plist.xml; path = Info.plist; sourceTree = "<group>"; };
		30C9AC1725203EE000A1AAA6 /* normal_activity WatchKit Extension.appex */ = {isa = PBXFileReference; explicitFileType = "wrapper.app-extension"; includeInIndex = 0; path = "normal_activity WatchKit Extension.appex"; sourceTree = BUILT_PRODUCTS_DIR; };
		30C9AC1C25203EE000A1AAA6 /* normal_activityApp.swift */ = {isa = PBXFileReference; lastKnownFileType = sourcecode.swift; path = normal_activityApp.swift; sourceTree = "<group>"; };
		30C9AC1E25203EE000A1AAA6 /* ContentView.swift */ = {isa = PBXFileReference; lastKnownFileType = sourcecode.swift; path = ContentView.swift; sourceTree = "<group>"; };
		30C9AC2025203EE000A1AAA6 /* NotificationController.swift */ = {isa = PBXFileReference; lastKnownFileType = sourcecode.swift; path = NotificationController.swift; sourceTree = "<group>"; };
		30C9AC2225203EE000A1AAA6 /* NotificationView.swift */ = {isa = PBXFileReference; lastKnownFileType = sourcecode.swift; path = NotificationView.swift; sourceTree = "<group>"; };
		30C9AC2425203EE000A1AAA6 /* ComplicationController.swift */ = {isa = PBXFileReference; lastKnownFileType = sourcecode.swift; path = ComplicationController.swift; sourceTree = "<group>"; };
		30C9AC2625203EE100A1AAA6 /* Assets.xcassets */ = {isa = PBXFileReference; lastKnownFileType = folder.assetcatalog; path = Assets.xcassets; sourceTree = "<group>"; };
		30C9AC2925203EE100A1AAA6 /* Preview Assets.xcassets */ = {isa = PBXFileReference; lastKnownFileType = folder.assetcatalog; path = "Preview Assets.xcassets"; sourceTree = "<group>"; };
		30C9AC2B25203EE100A1AAA6 /* Info.plist */ = {isa = PBXFileReference; lastKnownFileType = text.plist.xml; path = Info.plist; sourceTree = "<group>"; };
		30C9AC2C25203EE100A1AAA6 /* PushNotificationPayload.apns */ = {isa = PBXFileReference; lastKnownFileType = text; path = PushNotificationPayload.apns; sourceTree = "<group>"; };
		30C9AC4225203F5100A1AAA6 /* DeepViewModel.swift */ = {isa = PBXFileReference; lastKnownFileType = sourcecode.swift; path = DeepViewModel.swift; sourceTree = "<group>"; };
		8289859B38E3C15A83F46E7D /* Pods_normal_activity_WatchKit_Extension.framework */ = {isa = PBXFileReference; explicitFileType = wrapper.framework; includeInIndex = 0; path = Pods_normal_activity_WatchKit_Extension.framework; sourceTree = BUILT_PRODUCTS_DIR; };
		9E4ABC72C506EB14A923B9C9 /* Pods-normal_activity.release.xcconfig */ = {isa = PBXFileReference; includeInIndex = 1; lastKnownFileType = text.xcconfig; name = "Pods-normal_activity.release.xcconfig"; path = "Target Support Files/Pods-normal_activity/Pods-normal_activity.release.xcconfig"; sourceTree = "<group>"; };
		A4665A2484B93E5A2A0A4500 /* Pods_normal_activity.framework */ = {isa = PBXFileReference; explicitFileType = wrapper.framework; includeInIndex = 0; path = Pods_normal_activity.framework; sourceTree = BUILT_PRODUCTS_DIR; };
		A4ABB7F3E2E1B0C7E47ECDE1 /* Pods-normal_activity WatchKit App.debug.xcconfig */ = {isa = PBXFileReference; includeInIndex = 1; lastKnownFileType = text.xcconfig; name = "Pods-normal_activity WatchKit App.debug.xcconfig"; path = "Target Support Files/Pods-normal_activity WatchKit App/Pods-normal_activity WatchKit App.debug.xcconfig"; sourceTree = "<group>"; };
		A71EB18A8449D81E3C6BF155 /* Pods-normal_activity WatchKit Extension.debug.xcconfig */ = {isa = PBXFileReference; includeInIndex = 1; lastKnownFileType = text.xcconfig; name = "Pods-normal_activity WatchKit Extension.debug.xcconfig"; path = "Target Support Files/Pods-normal_activity WatchKit Extension/Pods-normal_activity WatchKit Extension.debug.xcconfig"; sourceTree = "<group>"; };
		AD23EE45E95C633D6D968F8F /* Pods_normal_activity_WatchKit_App.framework */ = {isa = PBXFileReference; explicitFileType = wrapper.framework; includeInIndex = 0; path = Pods_normal_activity_WatchKit_App.framework; sourceTree = BUILT_PRODUCTS_DIR; };
		E750D3AD254EC82A00333BAB /* jphackclassifer 5.mlmodel */ = {isa = PBXFileReference; lastKnownFileType = file.mlmodel; path = "jphackclassifer 5.mlmodel"; sourceTree = "<group>"; };
		F296BAFBD5FA6F2536AE33D0 /* Pods-normal_activity WatchKit Extension.release.xcconfig */ = {isa = PBXFileReference; includeInIndex = 1; lastKnownFileType = text.xcconfig; name = "Pods-normal_activity WatchKit Extension.release.xcconfig"; path = "Target Support Files/Pods-normal_activity WatchKit Extension/Pods-normal_activity WatchKit Extension.release.xcconfig"; sourceTree = "<group>"; };
/* End PBXFileReference section */

/* Begin PBXFrameworksBuildPhase section */
		30C9AC1425203EE000A1AAA6 /* Frameworks */ = {
			isa = PBXFrameworksBuildPhase;
			buildActionMask = 2147483647;
			files = (
				F2F212C130D74DA8DDE04767 /* Pods_normal_activity_WatchKit_Extension.framework in Frameworks */,
			);
			runOnlyForDeploymentPostprocessing = 0;
		};
		7C4403F5146DDF444AE3D1D3 /* Frameworks */ = {
			isa = PBXFrameworksBuildPhase;
			buildActionMask = 2147483647;
			files = (
				51843CF011DE85E8533F71B8 /* Pods_normal_activity_WatchKit_App.framework in Frameworks */,
			);
			runOnlyForDeploymentPostprocessing = 0;
		};
		A6A34112F7DC3935F708046C /* Frameworks */ = {
			isa = PBXFrameworksBuildPhase;
			buildActionMask = 2147483647;
			files = (
				23B9D8608004BF32B30CBB50 /* Pods_normal_activity.framework in Frameworks */,
			);
			runOnlyForDeploymentPostprocessing = 0;
		};
/* End PBXFrameworksBuildPhase section */

/* Begin PBXGroup section */
		30C9AC0025203EDE00A1AAA6 = {
			isa = PBXGroup;
			children = (
				30C9AC0F25203EDF00A1AAA6 /* normal_activity WatchKit App */,
				30C9AC1B25203EE000A1AAA6 /* normal_activity WatchKit Extension */,
				30C9AC0825203EDE00A1AAA6 /* Products */,
				9FF540755FE1C2994E4C6C0F /* Pods */,
				C4C7873DCBFCBFF78EA4E651 /* Frameworks */,
			);
			sourceTree = "<group>";
		};
		30C9AC0825203EDE00A1AAA6 /* Products */ = {
			isa = PBXGroup;
			children = (
				30C9AC0725203EDE00A1AAA6 /* normal_activity.app */,
				30C9AC0B25203EDF00A1AAA6 /* normal_activity WatchKit App.app */,
				30C9AC1725203EE000A1AAA6 /* normal_activity WatchKit Extension.appex */,
			);
			name = Products;
			sourceTree = "<group>";
		};
		30C9AC0F25203EDF00A1AAA6 /* normal_activity WatchKit App */ = {
			isa = PBXGroup;
			children = (
				30C9AC1025203EE000A1AAA6 /* Assets.xcassets */,
				30C9AC1225203EE000A1AAA6 /* Info.plist */,
			);
			path = "normal_activity WatchKit App";
			sourceTree = "<group>";
		};
		30C9AC1B25203EE000A1AAA6 /* normal_activity WatchKit Extension */ = {
			isa = PBXGroup;
			children = (
				30C9AC1C25203EE000A1AAA6 /* normal_activityApp.swift */,
				30C9AC1E25203EE000A1AAA6 /* ContentView.swift */,
				30C9AC2025203EE000A1AAA6 /* NotificationController.swift */,
				30C9AC2225203EE000A1AAA6 /* NotificationView.swift */,
				E750D3AD254EC82A00333BAB /* jphackclassifer 5.mlmodel */,
				30C9AC2425203EE000A1AAA6 /* ComplicationController.swift */,
				30C9AC2625203EE100A1AAA6 /* Assets.xcassets */,
				301CCEC32520C88300DCCA4F /* nc190948.wav */,
				30405DAD2522543800785426 /* kamehameha.mp3 */,
				30405DB22522BB4800785426 /* memo.mp3 */,
				30405DB72522BBEE00785426 /* nature.mp3 */,
				30C9AC2B25203EE100A1AAA6 /* Info.plist */,
				30C9AC2C25203EE100A1AAA6 /* PushNotificationPayload.apns */,
				30C9AC2825203EE100A1AAA6 /* Preview Content */,
				30C9AC4225203F5100A1AAA6 /* DeepViewModel.swift */,
			);
			path = "normal_activity WatchKit Extension";
			sourceTree = "<group>";
		};
		30C9AC2825203EE100A1AAA6 /* Preview Content */ = {
			isa = PBXGroup;
			children = (
				30C9AC2925203EE100A1AAA6 /* Preview Assets.xcassets */,
			);
			path = "Preview Content";
			sourceTree = "<group>";
		};
		9FF540755FE1C2994E4C6C0F /* Pods */ = {
			isa = PBXGroup;
			children = (
				14CD4726D8A45B8C9DA0404A /* Pods-normal_activity.debug.xcconfig */,
				9E4ABC72C506EB14A923B9C9 /* Pods-normal_activity.release.xcconfig */,
				A4ABB7F3E2E1B0C7E47ECDE1 /* Pods-normal_activity WatchKit App.debug.xcconfig */,
				2BBEF77F63767BB7F42B62EF /* Pods-normal_activity WatchKit App.release.xcconfig */,
				A71EB18A8449D81E3C6BF155 /* Pods-normal_activity WatchKit Extension.debug.xcconfig */,
				F296BAFBD5FA6F2536AE33D0 /* Pods-normal_activity WatchKit Extension.release.xcconfig */,
			);
			name = Pods;
			path = Pods;
			sourceTree = "<group>";
		};
		C4C7873DCBFCBFF78EA4E651 /* Frameworks */ = {
			isa = PBXGroup;
			children = (
				A4665A2484B93E5A2A0A4500 /* Pods_normal_activity.framework */,
				AD23EE45E95C633D6D968F8F /* Pods_normal_activity_WatchKit_App.framework */,
				8289859B38E3C15A83F46E7D /* Pods_normal_activity_WatchKit_Extension.framework */,
			);
			name = Frameworks;
			sourceTree = "<group>";
		};
/* End PBXGroup section */

/* Begin PBXNativeTarget section */
		30C9AC0625203EDE00A1AAA6 /* normal_activity */ = {
			isa = PBXNativeTarget;
			buildConfigurationList = 30C9AC3725203EE200A1AAA6 /* Build configuration list for PBXNativeTarget "normal_activity" */;
			buildPhases = (
				6210DE8F6165FD667A667540 /* [CP] Check Pods Manifest.lock */,
				30C9AC0525203EDE00A1AAA6 /* Resources */,
				30C9AC3625203EE200A1AAA6 /* Embed Watch Content */,
				A6A34112F7DC3935F708046C /* Frameworks */,
			);
			buildRules = (
			);
			dependencies = (
				30C9AC0E25203EDF00A1AAA6 /* PBXTargetDependency */,
			);
			name = normal_activity;
			productName = normal_activity;
			productReference = 30C9AC0725203EDE00A1AAA6 /* normal_activity.app */;
			productType = "com.apple.product-type.application.watchapp2-container";
		};
		30C9AC0A25203EDF00A1AAA6 /* normal_activity WatchKit App */ = {
			isa = PBXNativeTarget;
			buildConfigurationList = 30C9AC3325203EE200A1AAA6 /* Build configuration list for PBXNativeTarget "normal_activity WatchKit App" */;
			buildPhases = (
				4A2965215A99860996186F4F /* [CP] Check Pods Manifest.lock */,
				30C9AC0925203EDF00A1AAA6 /* Resources */,
				30C9AC3225203EE200A1AAA6 /* Embed App Extensions */,
				7C4403F5146DDF444AE3D1D3 /* Frameworks */,
			);
			buildRules = (
			);
			dependencies = (
				30C9AC1A25203EE000A1AAA6 /* PBXTargetDependency */,
			);
			name = "normal_activity WatchKit App";
			productName = "normal_activity WatchKit App";
			productReference = 30C9AC0B25203EDF00A1AAA6 /* normal_activity WatchKit App.app */;
			productType = "com.apple.product-type.application.watchapp2";
		};
		30C9AC1625203EE000A1AAA6 /* normal_activity WatchKit Extension */ = {
			isa = PBXNativeTarget;
			buildConfigurationList = 30C9AC2F25203EE200A1AAA6 /* Build configuration list for PBXNativeTarget "normal_activity WatchKit Extension" */;
			buildPhases = (
				F35C8A4E5488437117DBA18C /* [CP] Check Pods Manifest.lock */,
				30C9AC1325203EE000A1AAA6 /* Sources */,
				30C9AC1425203EE000A1AAA6 /* Frameworks */,
				30C9AC1525203EE000A1AAA6 /* Resources */,
				FC8373CBB8650ED65C0DCF74 /* [CP] Embed Pods Frameworks */,
			);
			buildRules = (
			);
			dependencies = (
			);
			name = "normal_activity WatchKit Extension";
			productName = "normal_activity WatchKit Extension";
			productReference = 30C9AC1725203EE000A1AAA6 /* normal_activity WatchKit Extension.appex */;
			productType = "com.apple.product-type.watchkit2-extension";
		};
/* End PBXNativeTarget section */

/* Begin PBXProject section */
		30C9AC0125203EDE00A1AAA6 /* Project object */ = {
			isa = PBXProject;
			attributes = {
				LastSwiftUpdateCheck = 1200;
				LastUpgradeCheck = 1200;
				TargetAttributes = {
					30C9AC0625203EDE00A1AAA6 = {
						CreatedOnToolsVersion = 12.0;
					};
					30C9AC0A25203EDF00A1AAA6 = {
						CreatedOnToolsVersion = 12.0;
					};
					30C9AC1625203EE000A1AAA6 = {
						CreatedOnToolsVersion = 12.0;
					};
				};
			};
			buildConfigurationList = 30C9AC0425203EDE00A1AAA6 /* Build configuration list for PBXProject "normal_activity" */;
			compatibilityVersion = "Xcode 9.3";
			developmentRegion = en;
			hasScannedForEncodings = 0;
			knownRegions = (
				en,
				Base,
			);
			mainGroup = 30C9AC0025203EDE00A1AAA6;
			productRefGroup = 30C9AC0825203EDE00A1AAA6 /* Products */;
			projectDirPath = "";
			projectRoot = "";
			targets = (
				30C9AC0625203EDE00A1AAA6 /* normal_activity */,
				30C9AC0A25203EDF00A1AAA6 /* normal_activity WatchKit App */,
				30C9AC1625203EE000A1AAA6 /* normal_activity WatchKit Extension */,
			);
		};
/* End PBXProject section */

/* Begin PBXResourcesBuildPhase section */
		30C9AC0525203EDE00A1AAA6 /* Resources */ = {
			isa = PBXResourcesBuildPhase;
			buildActionMask = 2147483647;
			files = (
			);
			runOnlyForDeploymentPostprocessing = 0;
		};
		30C9AC0925203EDF00A1AAA6 /* Resources */ = {
			isa = PBXResourcesBuildPhase;
			buildActionMask = 2147483647;
			files = (
				30C9AC1125203EE000A1AAA6 /* Assets.xcassets in Resources */,
			);
			runOnlyForDeploymentPostprocessing = 0;
		};
		30C9AC1525203EE000A1AAA6 /* Resources */ = {
			isa = PBXResourcesBuildPhase;
			buildActionMask = 2147483647;
			files = (
				301CCEC52520C88300DCCA4F /* nc190948.wav in Resources */,
				30405DB32522BB4900785426 /* memo.mp3 in Resources */,
				30405DB82522BBEE00785426 /* nature.mp3 in Resources */,
				30C9AC2A25203EE100A1AAA6 /* Preview Assets.xcassets in Resources */,
				30405DAE2522543800785426 /* kamehameha.mp3 in Resources */,
				30C9AC2725203EE100A1AAA6 /* Assets.xcassets in Resources */,
			);
			runOnlyForDeploymentPostprocessing = 0;
		};
/* End PBXResourcesBuildPhase section */

/* Begin PBXShellScriptBuildPhase section */
		4A2965215A99860996186F4F /* [CP] Check Pods Manifest.lock */ = {
			isa = PBXShellScriptBuildPhase;
			buildActionMask = 2147483647;
			files = (
			);
			inputFileListPaths = (
			);
			inputPaths = (
				"${PODS_PODFILE_DIR_PATH}/Podfile.lock",
				"${PODS_ROOT}/Manifest.lock",
			);
			name = "[CP] Check Pods Manifest.lock";
			outputFileListPaths = (
			);
			outputPaths = (
				"$(DERIVED_FILE_DIR)/Pods-normal_activity WatchKit App-checkManifestLockResult.txt",
			);
			runOnlyForDeploymentPostprocessing = 0;
			shellPath = /bin/sh;
			shellScript = "diff \"${PODS_PODFILE_DIR_PATH}/Podfile.lock\" \"${PODS_ROOT}/Manifest.lock\" > /dev/null\nif [ $? != 0 ] ; then\n    # print error to STDERR\n    echo \"error: The sandbox is not in sync with the Podfile.lock. Run 'pod install' or update your CocoaPods installation.\" >&2\n    exit 1\nfi\n# This output is used by Xcode 'outputs' to avoid re-running this script phase.\necho \"SUCCESS\" > \"${SCRIPT_OUTPUT_FILE_0}\"\n";
			showEnvVarsInLog = 0;
		};
		6210DE8F6165FD667A667540 /* [CP] Check Pods Manifest.lock */ = {
			isa = PBXShellScriptBuildPhase;
			buildActionMask = 2147483647;
			files = (
			);
			inputFileListPaths = (
			);
			inputPaths = (
				"${PODS_PODFILE_DIR_PATH}/Podfile.lock",
				"${PODS_ROOT}/Manifest.lock",
			);
			name = "[CP] Check Pods Manifest.lock";
			outputFileListPaths = (
			);
			outputPaths = (
				"$(DERIVED_FILE_DIR)/Pods-normal_activity-checkManifestLockResult.txt",
			);
			runOnlyForDeploymentPostprocessing = 0;
			shellPath = /bin/sh;
			shellScript = "diff \"${PODS_PODFILE_DIR_PATH}/Podfile.lock\" \"${PODS_ROOT}/Manifest.lock\" > /dev/null\nif [ $? != 0 ] ; then\n    # print error to STDERR\n    echo \"error: The sandbox is not in sync with the Podfile.lock. Run 'pod install' or update your CocoaPods installation.\" >&2\n    exit 1\nfi\n# This output is used by Xcode 'outputs' to avoid re-running this script phase.\necho \"SUCCESS\" > \"${SCRIPT_OUTPUT_FILE_0}\"\n";
			showEnvVarsInLog = 0;
		};
		F35C8A4E5488437117DBA18C /* [CP] Check Pods Manifest.lock */ = {
			isa = PBXShellScriptBuildPhase;
			buildActionMask = 2147483647;
			files = (
			);
			inputFileListPaths = (
			);
			inputPaths = (
				"${PODS_PODFILE_DIR_PATH}/Podfile.lock",
				"${PODS_ROOT}/Manifest.lock",
			);
			name = "[CP] Check Pods Manifest.lock";
			outputFileListPaths = (
			);
			outputPaths = (
				"$(DERIVED_FILE_DIR)/Pods-normal_activity WatchKit Extension-checkManifestLockResult.txt",
			);
			runOnlyForDeploymentPostprocessing = 0;
			shellPath = /bin/sh;
			shellScript = "diff \"${PODS_PODFILE_DIR_PATH}/Podfile.lock\" \"${PODS_ROOT}/Manifest.lock\" > /dev/null\nif [ $? != 0 ] ; then\n    # print error to STDERR\n    echo \"error: The sandbox is not in sync with the Podfile.lock. Run 'pod install' or update your CocoaPods installation.\" >&2\n    exit 1\nfi\n# This output is used by Xcode 'outputs' to avoid re-running this script phase.\necho \"SUCCESS\" > \"${SCRIPT_OUTPUT_FILE_0}\"\n";
			showEnvVarsInLog = 0;
		};
		FC8373CBB8650ED65C0DCF74 /* [CP] Embed Pods Frameworks */ = {
			isa = PBXShellScriptBuildPhase;
			buildActionMask = 2147483647;
			files = (
			);
			inputFileListPaths = (
				"${PODS_ROOT}/Target Support Files/Pods-normal_activity WatchKit Extension/Pods-normal_activity WatchKit Extension-frameworks-${CONFIGURATION}-input-files.xcfilelist",
			);
			name = "[CP] Embed Pods Frameworks";
			outputFileListPaths = (
				"${PODS_ROOT}/Target Support Files/Pods-normal_activity WatchKit Extension/Pods-normal_activity WatchKit Extension-frameworks-${CONFIGURATION}-output-files.xcfilelist",
			);
			runOnlyForDeploymentPostprocessing = 0;
			shellPath = /bin/sh;
			shellScript = "\"${PODS_ROOT}/Target Support Files/Pods-normal_activity WatchKit Extension/Pods-normal_activity WatchKit Extension-frameworks.sh\"\n";
			showEnvVarsInLog = 0;
		};
/* End PBXShellScriptBuildPhase section */

/* Begin PBXSourcesBuildPhase section */
		30C9AC1325203EE000A1AAA6 /* Sources */ = {
			isa = PBXSourcesBuildPhase;
			buildActionMask = 2147483647;
			files = (
				30C9AC2125203EE000A1AAA6 /* NotificationController.swift in Sources */,
				30C9AC1F25203EE000A1AAA6 /* ContentView.swift in Sources */,
				30C9AC4325203F5100A1AAA6 /* DeepViewModel.swift in Sources */,
				E750D3AE254EC82A00333BAB /* jphackclassifer 5.mlmodel in Sources */,
				30C9AC2525203EE000A1AAA6 /* ComplicationController.swift in Sources */,
				30C9AC1D25203EE000A1AAA6 /* normal_activityApp.swift in Sources */,
				30C9AC2325203EE000A1AAA6 /* NotificationView.swift in Sources */,
			);
			runOnlyForDeploymentPostprocessing = 0;
		};
/* End PBXSourcesBuildPhase section */

/* Begin PBXTargetDependency section */
		30C9AC0E25203EDF00A1AAA6 /* PBXTargetDependency */ = {
			isa = PBXTargetDependency;
			target = 30C9AC0A25203EDF00A1AAA6 /* normal_activity WatchKit App */;
			targetProxy = 30C9AC0D25203EDF00A1AAA6 /* PBXContainerItemProxy */;
		};
		30C9AC1A25203EE000A1AAA6 /* PBXTargetDependency */ = {
			isa = PBXTargetDependency;
			target = 30C9AC1625203EE000A1AAA6 /* normal_activity WatchKit Extension */;
			targetProxy = 30C9AC1925203EE000A1AAA6 /* PBXContainerItemProxy */;
		};
/* End PBXTargetDependency section */

/* Begin XCBuildConfiguration section */
		30C9AC2D25203EE200A1AAA6 /* Debug */ = {
			isa = XCBuildConfiguration;
			buildSettings = {
				ALWAYS_SEARCH_USER_PATHS = NO;
				CLANG_ANALYZER_NONNULL = YES;
				CLANG_ANALYZER_NUMBER_OBJECT_CONVERSION = YES_AGGRESSIVE;
				CLANG_CXX_LANGUAGE_STANDARD = "gnu++14";
				CLANG_CXX_LIBRARY = "libc++";
				CLANG_ENABLE_MODULES = YES;
				CLANG_ENABLE_OBJC_ARC = YES;
				CLANG_ENABLE_OBJC_WEAK = YES;
				CLANG_WARN_BLOCK_CAPTURE_AUTORELEASING = YES;
				CLANG_WARN_BOOL_CONVERSION = YES;
				CLANG_WARN_COMMA = YES;
				CLANG_WARN_CONSTANT_CONVERSION = YES;
				CLANG_WARN_DEPRECATED_OBJC_IMPLEMENTATIONS = YES;
				CLANG_WARN_DIRECT_OBJC_ISA_USAGE = YES_ERROR;
				CLANG_WARN_DOCUMENTATION_COMMENTS = YES;
				CLANG_WARN_EMPTY_BODY = YES;
				CLANG_WARN_ENUM_CONVERSION = YES;
				CLANG_WARN_INFINITE_RECURSION = YES;
				CLANG_WARN_INT_CONVERSION = YES;
				CLANG_WARN_NON_LITERAL_NULL_CONVERSION = YES;
				CLANG_WARN_OBJC_IMPLICIT_RETAIN_SELF = YES;
				CLANG_WARN_OBJC_LITERAL_CONVERSION = YES;
				CLANG_WARN_OBJC_ROOT_CLASS = YES_ERROR;
				CLANG_WARN_QUOTED_INCLUDE_IN_FRAMEWORK_HEADER = YES;
				CLANG_WARN_RANGE_LOOP_ANALYSIS = YES;
				CLANG_WARN_STRICT_PROTOTYPES = YES;
				CLANG_WARN_SUSPICIOUS_MOVE = YES;
				CLANG_WARN_UNGUARDED_AVAILABILITY = YES_AGGRESSIVE;
				CLANG_WARN_UNREACHABLE_CODE = YES;
				CLANG_WARN__DUPLICATE_METHOD_MATCH = YES;
				COPY_PHASE_STRIP = NO;
				DEBUG_INFORMATION_FORMAT = dwarf;
				ENABLE_STRICT_OBJC_MSGSEND = YES;
				ENABLE_TESTABILITY = YES;
				GCC_C_LANGUAGE_STANDARD = gnu11;
				GCC_DYNAMIC_NO_PIC = NO;
				GCC_NO_COMMON_BLOCKS = YES;
				GCC_OPTIMIZATION_LEVEL = 0;
				GCC_PREPROCESSOR_DEFINITIONS = (
					"DEBUG=1",
					"$(inherited)",
				);
				GCC_WARN_64_TO_32_BIT_CONVERSION = YES;
				GCC_WARN_ABOUT_RETURN_TYPE = YES_ERROR;
				GCC_WARN_UNDECLARED_SELECTOR = YES;
				GCC_WARN_UNINITIALIZED_AUTOS = YES_AGGRESSIVE;
				GCC_WARN_UNUSED_FUNCTION = YES;
				GCC_WARN_UNUSED_VARIABLE = YES;
				MTL_ENABLE_DEBUG_INFO = INCLUDE_SOURCE;
				MTL_FAST_MATH = YES;
				ONLY_ACTIVE_ARCH = YES;
				SDKROOT = iphoneos;
				SWIFT_ACTIVE_COMPILATION_CONDITIONS = DEBUG;
				SWIFT_OPTIMIZATION_LEVEL = "-Onone";
			};
			name = Debug;
		};
		30C9AC2E25203EE200A1AAA6 /* Release */ = {
			isa = XCBuildConfiguration;
			buildSettings = {
				ALWAYS_SEARCH_USER_PATHS = NO;
				CLANG_ANALYZER_NONNULL = YES;
				CLANG_ANALYZER_NUMBER_OBJECT_CONVERSION = YES_AGGRESSIVE;
				CLANG_CXX_LANGUAGE_STANDARD = "gnu++14";
				CLANG_CXX_LIBRARY = "libc++";
				CLANG_ENABLE_MODULES = YES;
				CLANG_ENABLE_OBJC_ARC = YES;
				CLANG_ENABLE_OBJC_WEAK = YES;
				CLANG_WARN_BLOCK_CAPTURE_AUTORELEASING = YES;
				CLANG_WARN_BOOL_CONVERSION = YES;
				CLANG_WARN_COMMA = YES;
				CLANG_WARN_CONSTANT_CONVERSION = YES;
				CLANG_WARN_DEPRECATED_OBJC_IMPLEMENTATIONS = YES;
				CLANG_WARN_DIRECT_OBJC_ISA_USAGE = YES_ERROR;
				CLANG_WARN_DOCUMENTATION_COMMENTS = YES;
				CLANG_WARN_EMPTY_BODY = YES;
				CLANG_WARN_ENUM_CONVERSION = YES;
				CLANG_WARN_INFINITE_RECURSION = YES;
				CLANG_WARN_INT_CONVERSION = YES;
				CLANG_WARN_NON_LITERAL_NULL_CONVERSION = YES;
				CLANG_WARN_OBJC_IMPLICIT_RETAIN_SELF = YES;
				CLANG_WARN_OBJC_LITERAL_CONVERSION = YES;
				CLANG_WARN_OBJC_ROOT_CLASS = YES_ERROR;
				CLANG_WARN_QUOTED_INCLUDE_IN_FRAMEWORK_HEADER = YES;
				CLANG_WARN_RANGE_LOOP_ANALYSIS = YES;
				CLANG_WARN_STRICT_PROTOTYPES = YES;
				CLANG_WARN_SUSPICIOUS_MOVE = YES;
				CLANG_WARN_UNGUARDED_AVAILABILITY = YES_AGGRESSIVE;
				CLANG_WARN_UNREACHABLE_CODE = YES;
				CLANG_WARN__DUPLICATE_METHOD_MATCH = YES;
				COPY_PHASE_STRIP = NO;
				DEBUG_INFORMATION_FORMAT = "dwarf-with-dsym";
				ENABLE_NS_ASSERTIONS = NO;
				ENABLE_STRICT_OBJC_MSGSEND = YES;
				GCC_C_LANGUAGE_STANDARD = gnu11;
				GCC_NO_COMMON_BLOCKS = YES;
				GCC_WARN_64_TO_32_BIT_CONVERSION = YES;
				GCC_WARN_ABOUT_RETURN_TYPE = YES_ERROR;
				GCC_WARN_UNDECLARED_SELECTOR = YES;
				GCC_WARN_UNINITIALIZED_AUTOS = YES_AGGRESSIVE;
				GCC_WARN_UNUSED_FUNCTION = YES;
				GCC_WARN_UNUSED_VARIABLE = YES;
				MTL_ENABLE_DEBUG_INFO = NO;
				MTL_FAST_MATH = YES;
				SDKROOT = iphoneos;
				SWIFT_COMPILATION_MODE = wholemodule;
				SWIFT_OPTIMIZATION_LEVEL = "-O";
				VALIDATE_PRODUCT = YES;
			};
			name = Release;
		};
		30C9AC3025203EE200A1AAA6 /* Debug */ = {
			isa = XCBuildConfiguration;
			baseConfigurationReference = A71EB18A8449D81E3C6BF155 /* Pods-normal_activity WatchKit Extension.debug.xcconfig */;
			buildSettings = {
				ASSETCATALOG_COMPILER_COMPLICATION_NAME = Complication;
				CODE_SIGN_STYLE = Automatic;
				DEVELOPMENT_ASSET_PATHS = "\"normal_activity WatchKit Extension/Preview Content\"";
				DEVELOPMENT_TEAM = ZY6FK4H66Q;
				ENABLE_PREVIEWS = YES;
				INFOPLIST_FILE = "normal_activity WatchKit Extension/Info.plist";
				LD_RUNPATH_SEARCH_PATHS = (
					"$(inherited)",
					"@executable_path/Frameworks",
					"@executable_path/../../Frameworks",
				);
				PRODUCT_BUNDLE_IDENTIFIER = "jp.naist.is-tachibana.koki.ti0.normal-activity.watchkitapp.watchkitextension";
				PRODUCT_NAME = "${TARGET_NAME}";
				SDKROOT = watchos;
				SKIP_INSTALL = YES;
				SWIFT_VERSION = 5.0;
				TARGETED_DEVICE_FAMILY = 4;
				WATCHOS_DEPLOYMENT_TARGET = 7.0;
			};
			name = Debug;
		};
		30C9AC3125203EE200A1AAA6 /* Release */ = {
			isa = XCBuildConfiguration;
			baseConfigurationReference = F296BAFBD5FA6F2536AE33D0 /* Pods-normal_activity WatchKit Extension.release.xcconfig */;
			buildSettings = {
				ASSETCATALOG_COMPILER_COMPLICATION_NAME = Complication;
				CODE_SIGN_STYLE = Automatic;
				DEVELOPMENT_ASSET_PATHS = "\"normal_activity WatchKit Extension/Preview Content\"";
				DEVELOPMENT_TEAM = ZY6FK4H66Q;
				ENABLE_PREVIEWS = YES;
				INFOPLIST_FILE = "normal_activity WatchKit Extension/Info.plist";
				LD_RUNPATH_SEARCH_PATHS = (
					"$(inherited)",
					"@executable_path/Frameworks",
					"@executable_path/../../Frameworks",
				);
				PRODUCT_BUNDLE_IDENTIFIER = "jp.naist.is-tachibana.koki.ti0.normal-activity.watchkitapp.watchkitextension";
				PRODUCT_NAME = "${TARGET_NAME}";
				SDKROOT = watchos;
				SKIP_INSTALL = YES;
				SWIFT_VERSION = 5.0;
				TARGETED_DEVICE_FAMILY = 4;
				WATCHOS_DEPLOYMENT_TARGET = 7.0;
			};
			name = Release;
		};
		30C9AC3425203EE200A1AAA6 /* Debug */ = {
			isa = XCBuildConfiguration;
			baseConfigurationReference = A4ABB7F3E2E1B0C7E47ECDE1 /* Pods-normal_activity WatchKit App.debug.xcconfig */;
			buildSettings = {
				ALWAYS_EMBED_SWIFT_STANDARD_LIBRARIES = YES;
				ASSETCATALOG_COMPILER_APPICON_NAME = AppIcon;
				ASSETCATALOG_COMPILER_GLOBAL_ACCENT_COLOR_NAME = AccentColor;
				CODE_SIGN_STYLE = Automatic;
				DEVELOPMENT_TEAM = ZY6FK4H66Q;
				IBSC_MODULE = normal_activity_WatchKit_Extension;
				INFOPLIST_FILE = "normal_activity WatchKit App/Info.plist";
				PRODUCT_BUNDLE_IDENTIFIER = "jp.naist.is-tachibana.koki.ti0.normal-activity.watchkitapp";
				PRODUCT_NAME = "$(TARGET_NAME)";
				SDKROOT = watchos;
				SKIP_INSTALL = YES;
				SWIFT_VERSION = 5.0;
				TARGETED_DEVICE_FAMILY = 4;
				WATCHOS_DEPLOYMENT_TARGET = 7.0;
			};
			name = Debug;
		};
		30C9AC3525203EE200A1AAA6 /* Release */ = {
			isa = XCBuildConfiguration;
			baseConfigurationReference = 2BBEF77F63767BB7F42B62EF /* Pods-normal_activity WatchKit App.release.xcconfig */;
			buildSettings = {
				ALWAYS_EMBED_SWIFT_STANDARD_LIBRARIES = YES;
				ASSETCATALOG_COMPILER_APPICON_NAME = AppIcon;
				ASSETCATALOG_COMPILER_GLOBAL_ACCENT_COLOR_NAME = AccentColor;
				CODE_SIGN_STYLE = Automatic;
				DEVELOPMENT_TEAM = ZY6FK4H66Q;
				IBSC_MODULE = normal_activity_WatchKit_Extension;
				INFOPLIST_FILE = "normal_activity WatchKit App/Info.plist";
				PRODUCT_BUNDLE_IDENTIFIER = "jp.naist.is-tachibana.koki.ti0.normal-activity.watchkitapp";
				PRODUCT_NAME = "$(TARGET_NAME)";
				SDKROOT = watchos;
				SKIP_INSTALL = YES;
				SWIFT_VERSION = 5.0;
				TARGETED_DEVICE_FAMILY = 4;
				WATCHOS_DEPLOYMENT_TARGET = 7.0;
			};
			name = Release;
		};
		30C9AC3825203EE200A1AAA6 /* Debug */ = {
			isa = XCBuildConfiguration;
			baseConfigurationReference = 14CD4726D8A45B8C9DA0404A /* Pods-normal_activity.debug.xcconfig */;
			buildSettings = {
				CODE_SIGN_STYLE = Automatic;
				CURRENT_PROJECT_VERSION = 1;
				DEVELOPMENT_TEAM = ZY6FK4H66Q;
				MARKETING_VERSION = 1.0;
				PRODUCT_BUNDLE_IDENTIFIER = "jp.naist.is-tachibana.koki.ti0.normal-activity";
				PRODUCT_NAME = "$(TARGET_NAME)";
				SWIFT_VERSION = 5.0;
			};
			name = Debug;
		};
		30C9AC3925203EE200A1AAA6 /* Release */ = {
			isa = XCBuildConfiguration;
			baseConfigurationReference = 9E4ABC72C506EB14A923B9C9 /* Pods-normal_activity.release.xcconfig */;
			buildSettings = {
				CODE_SIGN_STYLE = Automatic;
				CURRENT_PROJECT_VERSION = 1;
				DEVELOPMENT_TEAM = ZY6FK4H66Q;
				MARKETING_VERSION = 1.0;
				PRODUCT_BUNDLE_IDENTIFIER = "jp.naist.is-tachibana.koki.ti0.normal-activity";
				PRODUCT_NAME = "$(TARGET_NAME)";
				SWIFT_VERSION = 5.0;
			};
			name = Release;
		};
/* End XCBuildConfiguration section */

/* Begin XCConfigurationList section */
		30C9AC0425203EDE00A1AAA6 /* Build configuration list for PBXProject "normal_activity" */ = {
			isa = XCConfigurationList;
			buildConfigurations = (
				30C9AC2D25203EE200A1AAA6 /* Debug */,
				30C9AC2E25203EE200A1AAA6 /* Release */,
			);
			defaultConfigurationIsVisible = 0;
			defaultConfigurationName = Release;
		};
		30C9AC2F25203EE200A1AAA6 /* Build configuration list for PBXNativeTarget "normal_activity WatchKit Extension" */ = {
			isa = XCConfigurationList;
			buildConfigurations = (
				30C9AC3025203EE200A1AAA6 /* Debug */,
				30C9AC3125203EE200A1AAA6 /* Release */,
			);
			defaultConfigurationIsVisible = 0;
			defaultConfigurationName = Release;
		};
		30C9AC3325203EE200A1AAA6 /* Build configuration list for PBXNativeTarget "normal_activity WatchKit App" */ = {
			isa = XCConfigurationList;
			buildConfigurations = (
				30C9AC3425203EE200A1AAA6 /* Debug */,
				30C9AC3525203EE200A1AAA6 /* Release */,
			);
			defaultConfigurationIsVisible = 0;
			defaultConfigurationName = Release;
		};
		30C9AC3725203EE200A1AAA6 /* Build configuration list for PBXNativeTarget "normal_activity" */ = {
			isa = XCConfigurationList;
			buildConfigurations = (
				30C9AC3825203EE200A1AAA6 /* Debug */,
				30C9AC3925203EE200A1AAA6 /* Release */,
			);
			defaultConfigurationIsVisible = 0;
			defaultConfigurationName = Release;
		};
/* End XCConfigurationList section */
	};
	rootObject = 30C9AC0125203EDE00A1AAA6 /* Project object */;
}
